
Microsoft Visual Studio Solution File, Format Version 12.00
# Visual Studio Version 16
VisualStudioVersion = 16.0.30517.126
MinimumVisualStudioVersion = 10.0.40219.1
Project("{9A19103F-16F7-4668-BE54-9A1E7A4F7556}") = "QuillDocx", "QuillDocx\QuillDocx.csproj", "{F0E9C740-77AF-445E-B7A6-A9968804852A}"
EndProject
Project("{9A19103F-16F7-4668-BE54-9A1E7A4F7556}") = "DocxConverter", "DocxConverter\DocxConverter.csproj", "{9245477A-624C-4E06-96F8-EBF5EC63535E}"
EndProject
Global
	GlobalSection(SolutionConfigurationPlatforms) = preSolution
		Debug|Any CPU = Debug|Any CPU
		Release|Any CPU = Release|Any CPU
	EndGlobalSection
	GlobalSection(ProjectConfigurationPlatforms) = postSolution
		{F0E9C740-77AF-445E-B7A6-A9968804852A}.Debug|Any CPU.ActiveCfg = Debug|Any CPU
		{F0E9C740-77AF-445E-B7A6-A9968804852A}.Debug|Any CPU.Build.0 = Debug|Any CPU
		{F0E9C740-77AF-445E-B7A6-A9968804852A}.Release|Any CPU.ActiveCfg = Release|Any CPU
		{F0E9C740-77AF-445E-B7A6-A9968804852A}.Release|Any CPU.Build.0 = Release|Any CPU
		{9245477A-624C-4E06-96F8-EBF5EC63535E}.Debug|Any CPU.ActiveCfg = Debug|Any CPU
		{9245477A-624C-4E06-96F8-EBF5EC63535E}.Debug|Any CPU.Build.0 = Debug|Any CPU
		{9245477A-624C-4E06-96F8-EBF5EC63535E}.Release|Any CPU.ActiveCfg = Release|Any CPU
		{9245477A-624C-4E06-96F8-EBF5EC63535E}.Release|Any CPU.Build.0 = Release|Any CPU
	EndGlobalSection
	GlobalSection(SolutionProperties) = preSolution
		HideSolutionNode = FALSE
	EndGlobalSection
	GlobalSection(ExtensibilityGlobals) = postSolution
		SolutionGuid = {D3F5C9FC-F65D-4AB3-8D80-EAD7E753AB2A}
	EndGlobalSection
EndGlobal
